// !$*UTF8*$!
{
	archiveVersion = 1;
	classes = {
	};
	objectVersion = 46;
	objects = {

/* Begin PBXBuildFile section */
		936289FD1897FCA300FD89C6 /* Cocoa.framework in Frameworks */ = {isa = PBXBuildFile; fileRef = 936289FC1897FCA300FD89C6 /* Cocoa.framework */; };
		93628A071897FCA300FD89C6 /* InfoPlist.strings in Resources */ = {isa = PBXBuildFile; fileRef = 93628A051897FCA300FD89C6 /* InfoPlist.strings */; };
		93628A091897FCA300FD89C6 /* main.m in Sources */ = {isa = PBXBuildFile; fileRef = 93628A081897FCA300FD89C6 /* main.m */; };
		93628A0D1897FCA300FD89C6 /* Credits.rtf in Resources */ = {isa = PBXBuildFile; fileRef = 93628A0B1897FCA300FD89C6 /* Credits.rtf */; };
		93628A101897FCA300FD89C6 /* AppDelegate.m in Sources */ = {isa = PBXBuildFile; fileRef = 93628A0F1897FCA300FD89C6 /* AppDelegate.m */; };
		93628A131897FCA300FD89C6 /* MainMenu.xib in Resources */ = {isa = PBXBuildFile; fileRef = 93628A111897FCA300FD89C6 /* MainMenu.xib */; };
		93628A151897FCA300FD89C6 /* Images.xcassets in Resources */ = {isa = PBXBuildFile; fileRef = 93628A141897FCA300FD89C6 /* Images.xcassets */; };
		93628A1C1897FCA300FD89C6 /* XCTest.framework in Frameworks */ = {isa = PBXBuildFile; fileRef = 93628A1B1897FCA300FD89C6 /* XCTest.framework */; };
		93628A1D1897FCA300FD89C6 /* Cocoa.framework in Frameworks */ = {isa = PBXBuildFile; fileRef = 936289FC1897FCA300FD89C6 /* Cocoa.framework */; };
		93628A251897FCA300FD89C6 /* InfoPlist.strings in Resources */ = {isa = PBXBuildFile; fileRef = 93628A231897FCA300FD89C6 /* InfoPlist.strings */; };
		93628A271897FCA300FD89C6 /* AndroidBuilderTests.m in Sources */ = {isa = PBXBuildFile; fileRef = 93628A261897FCA300FD89C6 /* AndroidBuilderTests.m */; };
/* End PBXBuildFile section */

/* Begin PBXContainerItemProxy section */
		93628A1E1897FCA300FD89C6 /* PBXContainerItemProxy */ = {
			isa = PBXContainerItemProxy;
			containerPortal = 936289F11897FCA300FD89C6 /* Project object */;
			proxyType = 1;
			remoteGlobalIDString = 936289F81897FCA300FD89C6;
			remoteInfo = AndroidBuilder;
		};
/* End PBXContainerItemProxy section */

/* Begin PBXFileReference section */
		936289F91897FCA300FD89C6 /* AndroidBuilder.app */ = {isa = PBXFileReference; explicitFileType = wrapper.application; includeInIndex = 0; path = AndroidBuilder.app; sourceTree = BUILT_PRODUCTS_DIR; };
		936289FC1897FCA300FD89C6 /* Cocoa.framework */ = {isa = PBXFileReference; lastKnownFileType = wrapper.framework; name = Cocoa.framework; path = System/Library/Frameworks/Cocoa.framework; sourceTree = SDKROOT; };
		936289FF1897FCA300FD89C6 /* AppKit.framework */ = {isa = PBXFileReference; lastKnownFileType = wrapper.framework; name = AppKit.framework; path = System/Library/Frameworks/AppKit.framework; sourceTree = SDKROOT; };
		93628A001897FCA300FD89C6 /* CoreData.framework */ = {isa = PBXFileReference; lastKnownFileType = wrapper.framework; name = CoreData.framework; path = System/Library/Frameworks/CoreData.framework; sourceTree = SDKROOT; };
		93628A011897FCA300FD89C6 /* Foundation.framework */ = {isa = PBXFileReference; lastKnownFileType = wrapper.framework; name = Foundation.framework; path = System/Library/Frameworks/Foundation.framework; sourceTree = SDKROOT; };
		93628A041897FCA300FD89C6 /* AndroidBuilder-Info.plist */ = {isa = PBXFileReference; lastKnownFileType = text.plist.xml; path = "AndroidBuilder-Info.plist"; sourceTree = "<group>"; };
		93628A061897FCA300FD89C6 /* en */ = {isa = PBXFileReference; lastKnownFileType = text.plist.strings; name = en; path = en.lproj/InfoPlist.strings; sourceTree = "<group>"; };
		93628A081897FCA300FD89C6 /* main.m */ = {isa = PBXFileReference; lastKnownFileType = sourcecode.c.objc; path = main.m; sourceTree = "<group>"; };
		93628A0A1897FCA300FD89C6 /* AndroidBuilder-Prefix.pch */ = {isa = PBXFileReference; lastKnownFileType = sourcecode.c.h; path = "AndroidBuilder-Prefix.pch"; sourceTree = "<group>"; };
		93628A0C1897FCA300FD89C6 /* en */ = {isa = PBXFileReference; lastKnownFileType = text.rtf; name = en; path = en.lproj/Credits.rtf; sourceTree = "<group>"; };
		93628A0E1897FCA300FD89C6 /* AppDelegate.h */ = {isa = PBXFileReference; lastKnownFileType = sourcecode.c.h; path = AppDelegate.h; sourceTree = "<group>"; };
		93628A0F1897FCA300FD89C6 /* AppDelegate.m */ = {isa = PBXFileReference; lastKnownFileType = sourcecode.c.objc; path = AppDelegate.m; sourceTree = "<group>"; };
		93628A121897FCA300FD89C6 /* Base */ = {isa = PBXFileReference; lastKnownFileType = file.xib; name = Base; path = Base.lproj/MainMenu.xib; sourceTree = "<group>"; };
		93628A141897FCA300FD89C6 /* Images.xcassets */ = {isa = PBXFileReference; lastKnownFileType = folder.assetcatalog; path = Images.xcassets; sourceTree = "<group>"; };
		93628A1A1897FCA300FD89C6 /* AndroidBuilderTests.xctest */ = {isa = PBXFileReference; explicitFileType = wrapper.cfbundle; includeInIndex = 0; path = AndroidBuilderTests.xctest; sourceTree = BUILT_PRODUCTS_DIR; };
		93628A1B1897FCA300FD89C6 /* XCTest.framework */ = {isa = PBXFileReference; lastKnownFileType = wrapper.framework; name = XCTest.framework; path = Library/Frameworks/XCTest.framework; sourceTree = DEVELOPER_DIR; };
		93628A221897FCA300FD89C6 /* AndroidBuilderTests-Info.plist */ = {isa = PBXFileReference; lastKnownFileType = text.plist.xml; path = "AndroidBuilderTests-Info.plist"; sourceTree = "<group>"; };
		93628A241897FCA300FD89C6 /* en */ = {isa = PBXFileReference; lastKnownFileType = text.plist.strings; name = en; path = en.lproj/InfoPlist.strings; sourceTree = "<group>"; };
		93628A261897FCA300FD89C6 /* AndroidBuilderTests.m */ = {isa = PBXFileReference; lastKnownFileType = sourcecode.c.objc; path = AndroidBuilderTests.m; sourceTree = "<group>"; };
/* End PBXFileReference section */

/* Begin PBXFrameworksBuildPhase section */
		936289F61897FCA300FD89C6 /* Frameworks */ = {
			isa = PBXFrameworksBuildPhase;
			buildActionMask = 2147483647;
			files = (
				936289FD1897FCA300FD89C6 /* Cocoa.framework in Frameworks */,
			);
			runOnlyForDeploymentPostprocessing = 0;
		};
		93628A171897FCA300FD89C6 /* Frameworks */ = {
			isa = PBXFrameworksBuildPhase;
			buildActionMask = 2147483647;
			files = (
				93628A1D1897FCA300FD89C6 /* Cocoa.framework in Frameworks */,
				93628A1C1897FCA300FD89C6 /* XCTest.framework in Frameworks */,
			);
			runOnlyForDeploymentPostprocessing = 0;
		};
/* End PBXFrameworksBuildPhase section */

/* Begin PBXGroup section */
		936289F01897FCA300FD89C6 = {
			isa = PBXGroup;
			children = (
				93628A021897FCA300FD89C6 /* AndroidBuilder */,
				93628A201897FCA300FD89C6 /* AndroidBuilderTests */,
				936289FB1897FCA300FD89C6 /* Frameworks */,
				936289FA1897FCA300FD89C6 /* Products */,
			);
			sourceTree = "<group>";
		};
		936289FA1897FCA300FD89C6 /* Products */ = {
			isa = PBXGroup;
			children = (
				936289F91897FCA300FD89C6 /* AndroidBuilder.app */,
				93628A1A1897FCA300FD89C6 /* AndroidBuilderTests.xctest */,
			);
			name = Products;
			sourceTree = "<group>";
		};
		936289FB1897FCA300FD89C6 /* Frameworks */ = {
			isa = PBXGroup;
			children = (
				936289FC1897FCA300FD89C6 /* Cocoa.framework */,
				93628A1B1897FCA300FD89C6 /* XCTest.framework */,
				936289FE1897FCA300FD89C6 /* Other Frameworks */,
			);
			name = Frameworks;
			sourceTree = "<group>";
		};
		936289FE1897FCA300FD89C6 /* Other Frameworks */ = {
			isa = PBXGroup;
			children = (
				936289FF1897FCA300FD89C6 /* AppKit.framework */,
				93628A001897FCA300FD89C6 /* CoreData.framework */,
				93628A011897FCA300FD89C6 /* Foundation.framework */,
			);
			name = "Other Frameworks";
			sourceTree = "<group>";
		};
		93628A021897FCA300FD89C6 /* AndroidBuilder */ = {
			isa = PBXGroup;
			children = (
				93628A0E1897FCA300FD89C6 /* AppDelegate.h */,
				93628A0F1897FCA300FD89C6 /* AppDelegate.m */,
				93628A111897FCA300FD89C6 /* MainMenu.xib */,
				93628A141897FCA300FD89C6 /* Images.xcassets */,
				93628A031897FCA300FD89C6 /* Supporting Files */,
			);
			path = AndroidBuilder;
			sourceTree = "<group>";
		};
		93628A031897FCA300FD89C6 /* Supporting Files */ = {
			isa = PBXGroup;
			children = (
				93628A041897FCA300FD89C6 /* AndroidBuilder-Info.plist */,
				93628A051897FCA300FD89C6 /* InfoPlist.strings */,
				93628A081897FCA300FD89C6 /* main.m */,
				93628A0A1897FCA300FD89C6 /* AndroidBuilder-Prefix.pch */,
				93628A0B1897FCA300FD89C6 /* Credits.rtf */,
			);
			name = "Supporting Files";
			sourceTree = "<group>";
		};
		93628A201897FCA300FD89C6 /* AndroidBuilderTests */ = {
			isa = PBXGroup;
			children = (
				93628A261897FCA300FD89C6 /* AndroidBuilderTests.m */,
				93628A211897FCA300FD89C6 /* Supporting Files */,
			);
			path = AndroidBuilderTests;
			sourceTree = "<group>";
		};
		93628A211897FCA300FD89C6 /* Supporting Files */ = {
			isa = PBXGroup;
			children = (
				93628A221897FCA300FD89C6 /* AndroidBuilderTests-Info.plist */,
				93628A231897FCA300FD89C6 /* InfoPlist.strings */,
			);
			name = "Supporting Files";
			sourceTree = "<group>";
		};
/* End PBXGroup section */

/* Begin PBXNativeTarget section */
		936289F81897FCA300FD89C6 /* AndroidBuilder */ = {
			isa = PBXNativeTarget;
			buildConfigurationList = 93628A2A1897FCA300FD89C6 /* Build configuration list for PBXNativeTarget "AndroidBuilder" */;
			buildPhases = (
				936289F51897FCA300FD89C6 /* Sources */,
				936289F61897FCA300FD89C6 /* Frameworks */,
				936289F71897FCA300FD89C6 /* Resources */,
			);
			buildRules = (
			);
			dependencies = (
			);
			name = AndroidBuilder;
			productName = AndroidBuilder;
			productReference = 936289F91897FCA300FD89C6 /* AndroidBuilder.app */;
			productType = "com.apple.product-type.application";
		};
		93628A191897FCA300FD89C6 /* AndroidBuilderTests */ = {
			isa = PBXNativeTarget;
			buildConfigurationList = 93628A2D1897FCA300FD89C6 /* Build configuration list for PBXNativeTarget "AndroidBuilderTests" */;
			buildPhases = (
				93628A161897FCA300FD89C6 /* Sources */,
				93628A171897FCA300FD89C6 /* Frameworks */,
				93628A181897FCA300FD89C6 /* Resources */,
			);
			buildRules = (
			);
			dependencies = (
				93628A1F1897FCA300FD89C6 /* PBXTargetDependency */,
			);
			name = AndroidBuilderTests;
			productName = AndroidBuilderTests;
			productReference = 93628A1A1897FCA300FD89C6 /* AndroidBuilderTests.xctest */;
			productType = "com.apple.product-type.bundle.unit-test";
		};
/* End PBXNativeTarget section */

/* Begin PBXProject section */
		936289F11897FCA300FD89C6 /* Project object */ = {
			isa = PBXProject;
			attributes = {
				LastUpgradeCheck = 0500;
				ORGANIZATIONNAME = KT;
				TargetAttributes = {
					93628A191897FCA300FD89C6 = {
						TestTargetID = 936289F81897FCA300FD89C6;
					};
				};
			};
			buildConfigurationList = 936289F41897FCA300FD89C6 /* Build configuration list for PBXProject "AndroidBuilder" */;
			compatibilityVersion = "Xcode 3.2";
			developmentRegion = English;
			hasScannedForEncodings = 0;
			knownRegions = (
				en,
				Base,
			);
			mainGroup = 936289F01897FCA300FD89C6;
			productRefGroup = 936289FA1897FCA300FD89C6 /* Products */;
			projectDirPath = "";
			projectRoot = "";
			targets = (
				936289F81897FCA300FD89C6 /* AndroidBuilder */,
				93628A191897FCA300FD89C6 /* AndroidBuilderTests */,
			);
		};
/* End PBXProject section */

/* Begin PBXResourcesBuildPhase section */
		936289F71897FCA300FD89C6 /* Resources */ = {
			isa = PBXResourcesBuildPhase;
			buildActionMask = 2147483647;
			files = (
				93628A071897FCA300FD89C6 /* InfoPlist.strings in Resources */,
				93628A151897FCA300FD89C6 /* Images.xcassets in Resources */,
				93628A0D1897FCA300FD89C6 /* Credits.rtf in Resources */,
				93628A131897FCA300FD89C6 /* MainMenu.xib in Resources */,
			);
			runOnlyForDeploymentPostprocessing = 0;
		};
		93628A181897FCA300FD89C6 /* Resources */ = {
			isa = PBXResourcesBuildPhase;
			buildActionMask = 2147483647;
			files = (
				93628A251897FCA300FD89C6 /* InfoPlist.strings in Resources */,
			);
			runOnlyForDeploymentPostprocessing = 0;
		};
/* End PBXResourcesBuildPhase section */

/* Begin PBXSourcesBuildPhase section */
		936289F51897FCA300FD89C6 /* Sources */ = {
			isa = PBXSourcesBuildPhase;
			buildActionMask = 2147483647;
			files = (
				93628A101897FCA300FD89C6 /* AppDelegate.m in Sources */,
				93628A091897FCA300FD89C6 /* main.m in Sources */,
			);
			runOnlyForDeploymentPostprocessing = 0;
		};
		93628A161897FCA300FD89C6 /* Sources */ = {
			isa = PBXSourcesBuildPhase;
			buildActionMask = 2147483647;
			files = (
				93628A271897FCA300FD89C6 /* AndroidBuilderTests.m in Sources */,
			);
			runOnlyForDeploymentPostprocessing = 0;
		};
/* End PBXSourcesBuildPhase section */

/* Begin PBXTargetDependency section */
		93628A1F1897FCA300FD89C6 /* PBXTargetDependency */ = {
			isa = PBXTargetDependency;
			target = 936289F81897FCA300FD89C6 /* AndroidBuilder */;
			targetProxy = 93628A1E1897FCA300FD89C6 /* PBXContainerItemProxy */;
		};
/* End PBXTargetDependency section */

/* Begin PBXVariantGroup section */
		93628A051897FCA300FD89C6 /* InfoPlist.strings */ = {
			isa = PBXVariantGroup;
			children = (
				93628A061897FCA300FD89C6 /* en */,
			);
			name = InfoPlist.strings;
			sourceTree = "<group>";
		};
		93628A0B1897FCA300FD89C6 /* Credits.rtf */ = {
			isa = PBXVariantGroup;
			children = (
				93628A0C1897FCA300FD89C6 /* en */,
			);
			name = Credits.rtf;
			sourceTree = "<group>";
		};
		93628A111897FCA300FD89C6 /* MainMenu.xib */ = {
			isa = PBXVariantGroup;
			children = (
				93628A121897FCA300FD89C6 /* Base */,
			);
			name = MainMenu.xib;
			sourceTree = "<group>";
		};
		93628A231897FCA300FD89C6 /* InfoPlist.strings */ = {
			isa = PBXVariantGroup;
			children = (
				93628A241897FCA300FD89C6 /* en */,
			);
			name = InfoPlist.strings;
			sourceTree = "<group>";
		};
/* End PBXVariantGroup section */

/* Begin XCBuildConfiguration section */
		93628A281897FCA300FD89C6 /* Debug */ = {
			isa = XCBuildConfiguration;
			buildSettings = {
				ALWAYS_SEARCH_USER_PATHS = NO;
				CLANG_CXX_LANGUAGE_STANDARD = "gnu++0x";
				CLANG_CXX_LIBRARY = "libc++";
				CLANG_ENABLE_OBJC_ARC = YES;
				CLANG_WARN_BOOL_CONVERSION = YES;
				CLANG_WARN_CONSTANT_CONVERSION = YES;
				CLANG_WARN_DIRECT_OBJC_ISA_USAGE = YES_ERROR;
				CLANG_WARN_EMPTY_BODY = YES;
				CLANG_WARN_ENUM_CONVERSION = YES;
				CLANG_WARN_INT_CONVERSION = YES;
				CLANG_WARN_OBJC_ROOT_CLASS = YES_ERROR;
				CLANG_WARN__DUPLICATE_METHOD_MATCH = YES;
				COPY_PHASE_STRIP = NO;
				GCC_C_LANGUAGE_STANDARD = gnu99;
				GCC_DYNAMIC_NO_PIC = NO;
				GCC_ENABLE_OBJC_EXCEPTIONS = YES;
				GCC_OPTIMIZATION_LEVEL = 0;
				GCC_PREPROCESSOR_DEFINITIONS = (
					"DEBUG=1",
					"$(inherited)",
				);
				GCC_SYMBOLS_PRIVATE_EXTERN = NO;
				GCC_WARN_64_TO_32_BIT_CONVERSION = YES;
				GCC_WARN_ABOUT_RETURN_TYPE = YES_ERROR;
				GCC_WARN_UNDECLARED_SELECTOR = YES;
				GCC_WARN_UNINITIALIZED_AUTOS = YES;
				GCC_WARN_UNUSED_FUNCTION = YES;
				GCC_WARN_UNUSED_VARIABLE = YES;
				MACOSX_DEPLOYMENT_TARGET = 10.9;
				ONLY_ACTIVE_ARCH = YES;
				SDKROOT = macosx;
			};
			name = Debug;
		};
		93628A291897FCA300FD89C6 /* Release */ = {
			isa = XCBuildConfiguration;
			buildSettings = {
				ALWAYS_SEARCH_USER_PATHS = NO;
				CLANG_CXX_LANGUAGE_STANDARD = "gnu++0x";
				CLANG_CXX_LIBRARY = "libc++";
				CLANG_ENABLE_OBJC_ARC = YES;
				CLANG_WARN_BOOL_CONVERSION = YES;
				CLANG_WARN_CONSTANT_CONVERSION = YES;
				CLANG_WARN_DIRECT_OBJC_ISA_USAGE = YES_ERROR;
				CLANG_WARN_EMPTY_BODY = YES;
				CLANG_WARN_ENUM_CONVERSION = YES;
				CLANG_WARN_INT_CONVERSION = YES;
				CLANG_WARN_OBJC_ROOT_CLASS = YES_ERROR;
				CLANG_WARN__DUPLICATE_METHOD_MATCH = YES;
				COPY_PHASE_STRIP = YES;
				DEBUG_INFORMATION_FORMAT = "dwarf-with-dsym";
				ENABLE_NS_ASSERTIONS = NO;
				GCC_C_LANGUAGE_STANDARD = gnu99;
				GCC_ENABLE_OBJC_EXCEPTIONS = YES;
				GCC_WARN_64_TO_32_BIT_CONVERSION = YES;
				GCC_WARN_ABOUT_RETURN_TYPE = YES_ERROR;
				GCC_WARN_UNDECLARED_SELECTOR = YES;
				GCC_WARN_UNINITIALIZED_AUTOS = YES;
				GCC_WARN_UNUSED_FUNCTION = YES;
				GCC_WARN_UNUSED_VARIABLE = YES;
				MACOSX_DEPLOYMENT_TARGET = 10.9;
				SDKROOT = macosx;
			};
			name = Release;
		};
		93628A2B1897FCA300FD89C6 /* Debug */ = {
			isa = XCBuildConfiguration;
			buildSettings = {
				ASSETCATALOG_COMPILER_APPICON_NAME = AppIcon;
				COMBINE_HIDPI_IMAGES = YES;
				GCC_PRECOMPILE_PREFIX_HEADER = YES;
				GCC_PREFIX_HEADER = "AndroidBuilder/AndroidBuilder-Prefix.pch";
				INFOPLIST_FILE = "AndroidBuilder/AndroidBuilder-Info.plist";
				PRODUCT_NAME = "$(TARGET_NAME)";
				WRAPPER_EXTENSION = app;
			};
			name = Debug;
		};
		93628A2C1897FCA300FD89C6 /* Release */ = {
			isa = XCBuildConfiguration;
			buildSettings = {
				ASSETCATALOG_COMPILER_APPICON_NAME = AppIcon;
				COMBINE_HIDPI_IMAGES = YES;
				GCC_PRECOMPILE_PREFIX_HEADER = YES;
				GCC_PREFIX_HEADER = "AndroidBuilder/AndroidBuilder-Prefix.pch";
				INFOPLIST_FILE = "AndroidBuilder/AndroidBuilder-Info.plist";
				PRODUCT_NAME = "$(TARGET_NAME)";
				WRAPPER_EXTENSION = app;
			};
			name = Release;
		};
		93628A2E1897FCA300FD89C6 /* Debug */ = {
			isa = XCBuildConfiguration;
			buildSettings = {
				BUNDLE_LOADER = "$(BUILT_PRODUCTS_DIR)/AndroidBuilder.app/Contents/MacOS/AndroidBuilder";
				COMBINE_HIDPI_IMAGES = YES;
				FRAMEWORK_SEARCH_PATHS = (
					"$(DEVELOPER_FRAMEWORKS_DIR)",
					"$(inherited)",
				);
				GCC_PRECOMPILE_PREFIX_HEADER = YES;
				GCC_PREFIX_HEADER = "AndroidBuilder/AndroidBuilder-Prefix.pch";
				GCC_PREPROCESSOR_DEFINITIONS = (
					"DEBUG=1",
					"$(inherited)",
				);
				INFOPLIST_FILE = "AndroidBuilderTests/AndroidBuilderTests-Info.plist";
				PRODUCT_NAME = "$(TARGET_NAME)";
				TEST_HOST = "$(BUNDLE_LOADER)";
				WRAPPER_EXTENSION = xctest;
			};
			name = Debug;
		};
		93628A2F1897FCA300FD89C6 /* Release */ = {
			isa = XCBuildConfiguration;
			buildSettings = {
				BUNDLE_LOADER = "$(BUILT_PRODUCTS_DIR)/AndroidBuilder.app/Contents/MacOS/AndroidBuilder";
				COMBINE_HIDPI_IMAGES = YES;
				FRAMEWORK_SEARCH_PATHS = (
					"$(DEVELOPER_FRAMEWORKS_DIR)",
					"$(inherited)",
				);
				GCC_PRECOMPILE_PREFIX_HEADER = YES;
				GCC_PREFIX_HEADER = "AndroidBuilder/AndroidBuilder-Prefix.pch";
				INFOPLIST_FILE = "AndroidBuilderTests/AndroidBuilderTests-Info.plist";
				PRODUCT_NAME = "$(TARGET_NAME)";
				TEST_HOST = "$(BUNDLE_LOADER)";
				WRAPPER_EXTENSION = xctest;
			};
			name = Release;
		};
/* End XCBuildConfiguration section */

/* Begin XCConfigurationList section */
		936289F41897FCA300FD89C6 /* Build configuration list for PBXProject "AndroidBuilder" */ = {
			isa = XCConfigurationList;
			buildConfigurations = (
				93628A281897FCA300FD89C6 /* Debug */,
				93628A291897FCA300FD89C6 /* Release */,
			);
			defaultConfigurationIsVisible = 0;
			defaultConfigurationName = Release;
		};
		93628A2A1897FCA300FD89C6 /* Build configuration list for PBXNativeTarget "AndroidBuilder" */ = {
			isa = XCConfigurationList;
			buildConfigurations = (
				93628A2B1897FCA300FD89C6 /* Debug */,
				93628A2C1897FCA300FD89C6 /* Release */,
			);
			defaultConfigurationIsVisible = 0;
		};
		93628A2D1897FCA300FD89C6 /* Build configuration list for PBXNativeTarget "AndroidBuilderTests" */ = {
			isa = XCConfigurationList;
			buildConfigurations = (
				93628A2E1897FCA300FD89C6 /* Debug */,
				93628A2F1897FCA300FD89C6 /* Release */,
			);
			defaultConfigurationIsVisible = 0;
		};
/* End XCConfigurationList section */
	};
	rootObject = 936289F11897FCA300FD89C6 /* Project object */;
}
